
Microsoft Visual Studio Solution File, Format Version 12.00
# Visual Studio 15
VisualStudioVersion = 15.0.28307.2092
MinimumVisualStudioVersion = 10.0.40219.1
Project("{FAE04EC0-301F-11D3-BF4B-00C04F79EFBC}") = "WebAppHotelManagement", "WebAppHotelManagement\WebAppHotelManagement.csproj", "{6E9044EB-F170-4159-AB4A-B92861F48477}"
EndProject
Global
	GlobalSection(SolutionConfigurationPlatforms) = preSolution
		Debug|Any CPU = Debug|Any CPU
		Release|Any CPU = Release|Any CPU
	EndGlobalSection
	GlobalSection(ProjectConfigurationPlatforms) = postSolution
		{6E9044EB-F170-4159-AB4A-B92861F48477}.Debug|Any CPU.ActiveCfg = Debug|Any CPU
		{6E9044EB-F170-4159-AB4A-B92861F48477}.Debug|Any CPU.Build.0 = Debug|Any CPU
		{6E9044EB-F170-4159-AB4A-B92861F48477}.Release|Any CPU.ActiveCfg = Release|Any CPU
		{6E9044EB-F170-4159-AB4A-B92861F48477}.Release|Any CPU.Build.0 = Release|Any CPU
	EndGlobalSection
	GlobalSection(SolutionProperties) = preSolution
		HideSolutionNode = FALSE
	EndGlobalSection
	GlobalSection(ExtensibilityGlobals) = postSolution
		SolutionGuid = {5989001C-F86E-4239-B53C-DCF959942E9C}
	EndGlobalSection
EndGlobal
